
Microsoft Visual Studio Solution File, Format Version 12.00
# Visual Studio 15
VisualStudioVersion = 15.0.28307.106
MinimumVisualStudioVersion = 10.0.40219.1
Project("{8BC9CEB8-8B4A-11D0-8D11-00A0C91BC942}") = "CodeDesignDataStructuresAssessment", "CodeDesignDataStructuresAssessment\CodeDesignDataStructuresAssessment.vcxproj", "{E5416501-1B66-45EA-B34E-1A58E7F47A87}"
EndProject
Project("{8BC9CEB8-8B4A-11D0-8D11-00A0C91BC942}") = "Sorting", "Sorting\Sorting.vcxproj", "{1E88B788-0AEF-4C53-8B28-EF028E16E443}"
EndProject
Global
	GlobalSection(SolutionConfigurationPlatforms) = preSolution
		Debug|x64 = Debug|x64
		Debug|x86 = Debug|x86
		Release|x64 = Release|x64
		Release|x86 = Release|x86
	EndGlobalSection
	GlobalSection(ProjectConfigurationPlatforms) = postSolution
		{E5416501-1B66-45EA-B34E-1A58E7F47A87}.Debug|x64.ActiveCfg = Debug|x64
		{E5416501-1B66-45EA-B34E-1A58E7F47A87}.Debug|x64.Build.0 = Debug|x64
		{E5416501-1B66-45EA-B34E-1A58E7F47A87}.Debug|x86.ActiveCfg = Debug|Win32
		{E5416501-1B66-45EA-B34E-1A58E7F47A87}.Debug|x86.Build.0 = Debug|Win32
		{E5416501-1B66-45EA-B34E-1A58E7F47A87}.Release|x64.ActiveCfg = Release|x64
		{E5416501-1B66-45EA-B34E-1A58E7F47A87}.Release|x64.Build.0 = Release|x64
		{E5416501-1B66-45EA-B34E-1A58E7F47A87}.Release|x86.ActiveCfg = Release|Win32
		{E5416501-1B66-45EA-B34E-1A58E7F47A87}.Release|x86.Build.0 = Release|Win32
		{1E88B788-0AEF-4C53-8B28-EF028E16E443}.Debug|x64.ActiveCfg = Debug|x64
		{1E88B788-0AEF-4C53-8B28-EF028E16E443}.Debug|x64.Build.0 = Debug|x64
		{1E88B788-0AEF-4C53-8B28-EF028E16E443}.Debug|x86.ActiveCfg = Debug|Win32
		{1E88B788-0AEF-4C53-8B28-EF028E16E443}.Debug|x86.Build.0 = Debug|Win32
		{1E88B788-0AEF-4C53-8B28-EF028E16E443}.Release|x64.ActiveCfg = Release|x64
		{1E88B788-0AEF-4C53-8B28-EF028E16E443}.Release|x64.Build.0 = Release|x64
		{1E88B788-0AEF-4C53-8B28-EF028E16E443}.Release|x86.ActiveCfg = Release|Win32
		{1E88B788-0AEF-4C53-8B28-EF028E16E443}.Release|x86.Build.0 = Release|Win32
	EndGlobalSection
	GlobalSection(SolutionProperties) = preSolution
		HideSolutionNode = FALSE
	EndGlobalSection
	GlobalSection(ExtensibilityGlobals) = postSolution
		SolutionGuid = {39C28297-3E22-4C5E-BB3E-92C750CB646A}
	EndGlobalSection
EndGlobal
